
Microsoft Visual Studio Solution File, Format Version 12.00
# Visual Studio 15
VisualStudioVersion = 15.0.28307.106
MinimumVisualStudioVersion = 10.0.40219.1
Project("{FAE04EC0-301F-11D3-BF4B-00C04F79EFBC}") = "MenuModel", "Model\MenuModel.csproj", "{E52D4088-A6A6-4F31-B81F-DD3D37C2AB21}"
EndProject
Project("{FAE04EC0-301F-11D3-BF4B-00C04F79EFBC}") = "MenuViewModel", "ViewModel\MenuViewModel.csproj", "{1EE4DD2B-5132-4FD1-A140-2307948A5CCF}"
EndProject
Project("{FAE04EC0-301F-11D3-BF4B-00C04F79EFBC}") = "GUI", "GUI\GUI.csproj", "{972DEF7C-8169-4C5D-B2EB-32385E24F7EC}"
EndProject
Project("{FAE04EC0-301F-11D3-BF4B-00C04F79EFBC}") = "Service", "Service\Service.csproj", "{8DA0AE85-AB64-49A2-A493-B923F999F49C}"
EndProject
Project("{FAE04EC0-301F-11D3-BF4B-00C04F79EFBC}") = "ForTests", "ForTests\ForTests.csproj", "{6AF61A9A-BFAA-48C7-8C48-AA7A9E0D4A2B}"
EndProject
Project("{FAE04EC0-301F-11D3-BF4B-00C04F79EFBC}") = "CartBackend", "CartBackend\CartBackend.csproj", "{29746645-251D-4D50-97F1-7209CB8521D8}"
EndProject
Project("{FAE04EC0-301F-11D3-BF4B-00C04F79EFBC}") = "CartViewModel", "CartViewModel\CartViewModel.csproj", "{C141D393-9320-43CB-A5E8-6DF217A7A590}"
EndProject
Global
	GlobalSection(SolutionConfigurationPlatforms) = preSolution
		Debug|Any CPU = Debug|Any CPU
		Release|Any CPU = Release|Any CPU
	EndGlobalSection
	GlobalSection(ProjectConfigurationPlatforms) = postSolution
		{E52D4088-A6A6-4F31-B81F-DD3D37C2AB21}.Debug|Any CPU.ActiveCfg = Debug|Any CPU
		{E52D4088-A6A6-4F31-B81F-DD3D37C2AB21}.Debug|Any CPU.Build.0 = Debug|Any CPU
		{E52D4088-A6A6-4F31-B81F-DD3D37C2AB21}.Release|Any CPU.ActiveCfg = Release|Any CPU
		{E52D4088-A6A6-4F31-B81F-DD3D37C2AB21}.Release|Any CPU.Build.0 = Release|Any CPU
		{1EE4DD2B-5132-4FD1-A140-2307948A5CCF}.Debug|Any CPU.ActiveCfg = Debug|Any CPU
		{1EE4DD2B-5132-4FD1-A140-2307948A5CCF}.Debug|Any CPU.Build.0 = Debug|Any CPU
		{1EE4DD2B-5132-4FD1-A140-2307948A5CCF}.Release|Any CPU.ActiveCfg = Release|Any CPU
		{1EE4DD2B-5132-4FD1-A140-2307948A5CCF}.Release|Any CPU.Build.0 = Release|Any CPU
		{972DEF7C-8169-4C5D-B2EB-32385E24F7EC}.Debug|Any CPU.ActiveCfg = Debug|Any CPU
		{972DEF7C-8169-4C5D-B2EB-32385E24F7EC}.Debug|Any CPU.Build.0 = Debug|Any CPU
		{972DEF7C-8169-4C5D-B2EB-32385E24F7EC}.Release|Any CPU.ActiveCfg = Release|Any CPU
		{972DEF7C-8169-4C5D-B2EB-32385E24F7EC}.Release|Any CPU.Build.0 = Release|Any CPU
		{6AF61A9A-BFAA-48C7-8C48-AA7A9E0D4A2B}.Debug|Any CPU.ActiveCfg = Debug|Any CPU
		{6AF61A9A-BFAA-48C7-8C48-AA7A9E0D4A2B}.Debug|Any CPU.Build.0 = Debug|Any CPU
		{6AF61A9A-BFAA-48C7-8C48-AA7A9E0D4A2B}.Release|Any CPU.ActiveCfg = Release|Any CPU
		{6AF61A9A-BFAA-48C7-8C48-AA7A9E0D4A2B}.Release|Any CPU.Build.0 = Release|Any CPU
		{29746645-251D-4D50-97F1-7209CB8521D8}.Debug|Any CPU.ActiveCfg = Debug|Any CPU
		{29746645-251D-4D50-97F1-7209CB8521D8}.Debug|Any CPU.Build.0 = Debug|Any CPU
		{29746645-251D-4D50-97F1-7209CB8521D8}.Release|Any CPU.ActiveCfg = Release|Any CPU
		{29746645-251D-4D50-97F1-7209CB8521D8}.Release|Any CPU.Build.0 = Release|Any CPU
		{C141D393-9320-43CB-A5E8-6DF217A7A590}.Debug|Any CPU.ActiveCfg = Debug|Any CPU
		{C141D393-9320-43CB-A5E8-6DF217A7A590}.Debug|Any CPU.Build.0 = Debug|Any CPU
		{C141D393-9320-43CB-A5E8-6DF217A7A590}.Release|Any CPU.ActiveCfg = Release|Any CPU
		{C141D393-9320-43CB-A5E8-6DF217A7A590}.Release|Any CPU.Build.0 = Release|Any CPU
		{8DA0AE85-AB64-49A2-A493-B923F999F49C}.Debug|Any CPU.ActiveCfg = Debug|Any CPU
		{8DA0AE85-AB64-49A2-A493-B923F999F49C}.Debug|Any CPU.Build.0 = Debug|Any CPU
		{8DA0AE85-AB64-49A2-A493-B923F999F49C}.Release|Any CPU.ActiveCfg = Release|Any CPU
		{8DA0AE85-AB64-49A2-A493-B923F999F49C}.Release|Any CPU.Build.0 = Release|Any CPU
	EndGlobalSection
	GlobalSection(SolutionProperties) = preSolution
		HideSolutionNode = FALSE
	EndGlobalSection
	GlobalSection(ExtensibilityGlobals) = postSolution
		SolutionGuid = {5019872B-8C56-49D0-8CBF-40625FB37185}
	EndGlobalSection
EndGlobal
